{
  "version": 4,
  "terraform_version": "0.12.18",
  "serial": 9,
  "lineage": "683faba4-973c-838a-eb91-c4eb0d69b8e0",
  "outputs": {},
  "resources": [
    {
      "mode": "managed",
      "type": "docker_image",
      "name": "image_id",
      "provider": "provider.docker",
      "instances": [
        {
          "schema_version": 0,
          "attributes": {
            "id": "sha256:eadda45eb5e4c4dde5ef2bbb16f7e6754183d4e6fab6025f44fe1c214a5efc6eghost:latest",
            "keep_locally": null,
            "latest": "sha256:eadda45eb5e4c4dde5ef2bbb16f7e6754183d4e6fab6025f44fe1c214a5efc6e",
            "name": "ghost:latest",
            "pull_trigger": null,
            "pull_triggers": null
          },
          "private": "bnVsbA=="
        }
      ]
    }
  ]
}
